
Microsoft Visual Studio Solution File, Format Version 12.00
# Visual Studio Version 16
VisualStudioVersion = 16.0.29728.190
MinimumVisualStudioVersion = 10.0.40219.1
Project("{FAE04EC0-301F-11D3-BF4B-00C04F79EFBC}") = "JwtInJsApps.Web", "JwtInJsApps.Web\JwtInJsApps.Web.csproj", "{586313F7-9D63-4E6F-B2E1-85DD10B9E82E}"
EndProject
Global
	GlobalSection(SolutionConfigurationPlatforms) = preSolution
		Debug|Any CPU = Debug|Any CPU
		Release|Any CPU = Release|Any CPU
	EndGlobalSection
	GlobalSection(ProjectConfigurationPlatforms) = postSolution
		{586313F7-9D63-4E6F-B2E1-85DD10B9E82E}.Debug|Any CPU.ActiveCfg = Debug|Any CPU
		{586313F7-9D63-4E6F-B2E1-85DD10B9E82E}.Debug|Any CPU.Build.0 = Debug|Any CPU
		{586313F7-9D63-4E6F-B2E1-85DD10B9E82E}.Release|Any CPU.ActiveCfg = Release|Any CPU
		{586313F7-9D63-4E6F-B2E1-85DD10B9E82E}.Release|Any CPU.Build.0 = Release|Any CPU
	EndGlobalSection
	GlobalSection(SolutionProperties) = preSolution
		HideSolutionNode = FALSE
	EndGlobalSection
	GlobalSection(ExtensibilityGlobals) = postSolution
		SolutionGuid = {4BC32947-8E7C-44FE-A4D7-D6DFDFA88A26}
	EndGlobalSection
EndGlobal
